<?xml version="1.0" encoding="utf-8"?>
<Project ToolsVersion="4.0" xmlns="http://schemas.microsoft.com/developer/msbuild/2003">
  <ItemGroup>
    <Filter Include="Source Files">
      <UniqueIdentifier>{4FC737F1-C7A5-4376-A066-2A32D752A2FF}</UniqueIdentifier>
      <Extensions>cpp;c;cc;cxx;def;odl;idl;hpj;bat;asm;asmx</Extensions>
    </Filter>
    <Filter Include="Header Files">
      <UniqueIdentifier>{93995380-89BD-4b04-88EB-625FBE52EBFB}</UniqueIdentifier>
      <Extensions>h;hh;hpp;hxx;hm;inl;inc;ipp;xsd</Extensions>
    </Filter>
    <Filter Include="Resource Files">
      <UniqueIdentifier>{67DA6AB6-F800-4c08-8B7A-83BB121AAD01}</UniqueIdentifier>
      <Extensions>rc;ico;cur;bmp;dlg;rc2;rct;bin;rgs;gif;jpg;jpeg;jpe;resx;tiff;tif;png;wav;mfcribbon-ms</Extensions>
    </Filter>
    <Filter Include="Resource Files\Sound">
      <UniqueIdentifier>{6ea79ce9-ea54-40dd-a483-79869f213bcb}</UniqueIdentifier>
    </Filter>
    <Filter Include="Resource Files\Music">
      <UniqueIdentifier>{bdeab303-2edd-4a1f-b639-1daf63447260}</UniqueIdentifier>
    </Filter>
    <Filter Include="Resource Files\Spirtes">
      <UniqueIdentifier>{fa297eec-1689-4c75-8712-86b7f33ce142}</UniqueIdentifier>
    </Filter>
    <Filter Include="Resource Files\Animation">
      <UniqueIdentifier>{336ae82f-29ef-464c-b00b-3f144357e00d}</UniqueIdentifier>
    </Filter>
  </ItemGroup>
  <ItemGroup>
    <ClCompile Include="..\src\main.cpp">
      <Filter>Source Files</Filter>
    </ClCompile>
    <ClCompile Include="..\src\Application.cpp">
      <Filter>Source Files</Filter>
    </ClCompile>
    <ClCompile Include="..\src\Sound.cpp">
      <Filter>Source Files</Filter>
    </ClCompile>
    <ClCompile Include="..\src\Texture.cpp">
      <Filter>Source Files</Filter>
    </ClCompile>
    <ClCompile Include="..\src\Shared.cpp">
      <Filter>Source Files</Filter>
    </ClCompile>
    <ClCompile Include="..\src\Music.cpp">
      <Filter>Source Files</Filter>
    </ClCompile>
    <ClCompile Include="..\src\Sprite.cpp">
      <Filter>Source Files</Filter>
    </ClCompile>
    <ClCompile Include="..\src\Animation.cpp">
      <Filter>Source Files</Filter>
    </ClCompile>
    <ClCompile Include="..\src\GameOver.cpp">
      <Filter>Source Files</Filter>
    </ClCompile>
    <ClCompile Include="..\src\GamePlay.cpp">
      <Filter>Source Files</Filter>
    </ClCompile>
    <ClCompile Include="..\src\MainMenu.cpp">
      <Filter>Source Files</Filter>
    </ClCompile>
    <ClCompile Include="..\src\SceneManager.cpp">
      <Filter>Source Files</Filter>
    </ClCompile>
  </ItemGroup>
  <ItemGroup>
    <Image Include="..\Image\bg.png">
      <Filter>Resource Files</Filter>
    </Image>
    <Image Include="..\Image\magic_ball.bmp">
      <Filter>Resource Files</Filter>
    </Image>
    <Image Include="..\data\fireball.png">
      <Filter>Resource Files</Filter>
    </Image>
    <Image Include="..\data\Spirtes\sprites.png">
      <Filter>Resource Files\Spirtes</Filter>
    </Image>
    <Image Include="..\data\Animation\Animation.png">
      <Filter>Resource Files\Animation</Filter>
    </Image>
    <Image Include="..\data\exit.jpg">
      <Filter>Resource Files</Filter>
    </Image>
    <Image Include="..\data\images.png">
      <Filter>Resource Files</Filter>
    </Image>
    <Image Include="..\data\quit.png">
      <Filter>Resource Files</Filter>
    </Image>
  </ItemGroup>
  <ItemGroup>
    <ClInclude Include="..\src\Application.h">
      <Filter>Header Files</Filter>
    </ClInclude>
    <ClInclude Include="..\src\Sound.h">
      <Filter>Header Files</Filter>
    </ClInclude>
    <ClInclude Include="..\src\config.h">
      <Filter>Header Files</Filter>
    </ClInclude>
    <ClInclude Include="..\src\Texture.h">
      <Filter>Header Files</Filter>
    </ClInclude>
    <ClInclude Include="..\src\Header.h">
      <Filter>Header Files</Filter>
    </ClInclude>
    <ClInclude Include="..\src\Shared.h">
      <Filter>Header Files</Filter>
    </ClInclude>
    <ClInclude Include="..\src\Music.h">
      <Filter>Header Files</Filter>
    </ClInclude>
    <ClInclude Include="..\src\Sprite.h">
      <Filter>Header Files</Filter>
    </ClInclude>
    <ClInclude Include="..\src\Animation.h">
      <Filter>Header Files</Filter>
    </ClInclude>
    <ClInclude Include="..\src\Scene.h">
      <Filter>Header Files</Filter>
    </ClInclude>
    <ClInclude Include="..\src\GameOver.h">
      <Filter>Header Files</Filter>
    </ClInclude>
    <ClInclude Include="..\src\GamePlay.h">
      <Filter>Header Files</Filter>
    </ClInclude>
    <ClInclude Include="..\src\MainMenu.h">
      <Filter>Header Files</Filter>
    </ClInclude>
    <ClInclude Include="..\src\SceneManager.h">
      <Filter>Header Files</Filter>
    </ClInclude>
  </ItemGroup>
  <ItemGroup>
    <Media Include="..\data\Sound\smb_gameover.wav">
      <Filter>Resource Files\Sound</Filter>
    </Media>
    <Media Include="..\data\Sound\smb_kick.wav">
      <Filter>Resource Files\Sound</Filter>
    </Media>
    <Media Include="..\data\Sound\smb_mariodie.wav">
      <Filter>Resource Files\Sound</Filter>
    </Media>
    <Media Include="..\data\Sound\smb_stage_clear.wav">
      <Filter>Resource Files\Sound</Filter>
    </Media>
    <Media Include="..\data\Sound\smb_warning.wav">
      <Filter>Resource Files\Sound</Filter>
    </Media>
    <Media Include="..\data\Sound\smb_world_clear.wav">
      <Filter>Resource Files\Sound</Filter>
    </Media>
  </ItemGroup>
  <ItemGroup>
    <Text Include="..\data\Spirtes\Block.txt">
      <Filter>Resource Files\Spirtes</Filter>
    </Text>
    <Text Include="..\data\Animation\Animation.txt">
      <Filter>Resource Files\Animation</Filter>
    </Text>
  </ItemGroup>
</Project>